# This file is automatically @generated by Cargo.
# It is not intended for manual editing.
version = 3

[[package]]
name = "gk-server"
version = "0.1.0"
dependencies = [
 "gk-server-lib",
]

[[package]]
name = "gk-server-lib"
version = "0.1.0"
source = "git+https://notabug.org/GrauKatze/gk-server-lib#7dc6f7bfb47a11b315b39b1f5c3d4515e509da98"
