# This file is automatically @generated by Cargo.
# It is not intended for manual editing.
version = 3

[[package]]
name = "gk-server"
version = "0.1.0"
dependencies = [
 "gk-server-lib",
]

[[package]]
name = "gk-server-lib"
version = "0.1.0"
source = "git+https://notabug.org/GrauKatze/gk-server-lib#95c78a00018eede891116b656fa662c1a033cd37"
